
Microsoft Visual Studio Solution File, Format Version 12.00
# Visual Studio Version 17
VisualStudioVersion = 17.8.34330.188
MinimumVisualStudioVersion = 10.0.40219.1
Project("{9A19103F-16F7-4668-BE54-9A1E7A4F7556}") = "Assign_01_WPF", "Assign_01_WPF\Assign_01_WPF.csproj", "{3737CB1A-2844-492F-AA51-E59C49E4CA94}"
EndProject
Project("{9A19103F-16F7-4668-BE54-9A1E7A4F7556}") = "BussinessObject", "BussinessObject\BussinessObject.csproj", "{07A0BD4A-B64B-4BFB-AC44-7B9AF173150D}"
EndProject
Project("{FAE04EC0-301F-11D3-BF4B-00C04F79EFBC}") = "DAO", "DAO\DAO.csproj", "{1A9530E9-89A0-4242-8EA8-088605C734DE}"
EndProject
Project("{FAE04EC0-301F-11D3-BF4B-00C04F79EFBC}") = "Repositories", "Repositories\Repositories.csproj", "{2B43644E-C1D6-4C5F-9C14-6869DEFA9B55}"
EndProject
Project("{FAE04EC0-301F-11D3-BF4B-00C04F79EFBC}") = "Service", "Service\Service.csproj", "{461D05A0-34AC-48EE-9A3C-D372397E75AE}"
EndProject
Global
	GlobalSection(SolutionConfigurationPlatforms) = preSolution
		Debug|Any CPU = Debug|Any CPU
		Release|Any CPU = Release|Any CPU
	EndGlobalSection
	GlobalSection(ProjectConfigurationPlatforms) = postSolution
		{3737CB1A-2844-492F-AA51-E59C49E4CA94}.Debug|Any CPU.ActiveCfg = Debug|Any CPU
		{3737CB1A-2844-492F-AA51-E59C49E4CA94}.Debug|Any CPU.Build.0 = Debug|Any CPU
		{3737CB1A-2844-492F-AA51-E59C49E4CA94}.Release|Any CPU.ActiveCfg = Release|Any CPU
		{3737CB1A-2844-492F-AA51-E59C49E4CA94}.Release|Any CPU.Build.0 = Release|Any CPU
		{07A0BD4A-B64B-4BFB-AC44-7B9AF173150D}.Debug|Any CPU.ActiveCfg = Debug|Any CPU
		{07A0BD4A-B64B-4BFB-AC44-7B9AF173150D}.Debug|Any CPU.Build.0 = Debug|Any CPU
		{07A0BD4A-B64B-4BFB-AC44-7B9AF173150D}.Release|Any CPU.ActiveCfg = Release|Any CPU
		{07A0BD4A-B64B-4BFB-AC44-7B9AF173150D}.Release|Any CPU.Build.0 = Release|Any CPU
		{1A9530E9-89A0-4242-8EA8-088605C734DE}.Debug|Any CPU.ActiveCfg = Debug|Any CPU
		{1A9530E9-89A0-4242-8EA8-088605C734DE}.Debug|Any CPU.Build.0 = Debug|Any CPU
		{1A9530E9-89A0-4242-8EA8-088605C734DE}.Release|Any CPU.ActiveCfg = Release|Any CPU
		{1A9530E9-89A0-4242-8EA8-088605C734DE}.Release|Any CPU.Build.0 = Release|Any CPU
		{2B43644E-C1D6-4C5F-9C14-6869DEFA9B55}.Debug|Any CPU.ActiveCfg = Debug|Any CPU
		{2B43644E-C1D6-4C5F-9C14-6869DEFA9B55}.Debug|Any CPU.Build.0 = Debug|Any CPU
		{2B43644E-C1D6-4C5F-9C14-6869DEFA9B55}.Release|Any CPU.ActiveCfg = Release|Any CPU
		{2B43644E-C1D6-4C5F-9C14-6869DEFA9B55}.Release|Any CPU.Build.0 = Release|Any CPU
		{461D05A0-34AC-48EE-9A3C-D372397E75AE}.Debug|Any CPU.ActiveCfg = Debug|Any CPU
		{461D05A0-34AC-48EE-9A3C-D372397E75AE}.Debug|Any CPU.Build.0 = Debug|Any CPU
		{461D05A0-34AC-48EE-9A3C-D372397E75AE}.Release|Any CPU.ActiveCfg = Release|Any CPU
		{461D05A0-34AC-48EE-9A3C-D372397E75AE}.Release|Any CPU.Build.0 = Release|Any CPU
	EndGlobalSection
	GlobalSection(SolutionProperties) = preSolution
		HideSolutionNode = FALSE
	EndGlobalSection
	GlobalSection(ExtensibilityGlobals) = postSolution
		SolutionGuid = {2CFFC623-9F2E-4141-A4BB-6A888F3F9C57}
	EndGlobalSection
EndGlobal
